PODS:
  - Eddystone (1.1.2)
  - SignalStrength (1.0.1)

DEPENDENCIES:
  - Eddystone (from `../`)
  - SignalStrength

EXTERNAL SOURCES:
  Eddystone:
    :path: "../"

SPEC CHECKSUMS:
  Eddystone: e19e71d69f6f53115edc66749e60d380d1e377c5
  SignalStrength: e3a17f211240e1c97164fa1cb37b428f5350f12c

COCOAPODS: 0.38.2
